
Microsoft Visual Studio Solution File, Format Version 12.00
# Visual Studio 15
VisualStudioVersion = 15.0.27130.2003
MinimumVisualStudioVersion = 10.0.40219.1
Project("{8BC9CEB8-8B4A-11D0-8D11-00A0C91BC942}") = "A4_Garrett_Fechter", "A4_Garrett_Fechter\A4_Garrett_Fechter.vcxproj", "{496B2E81-7E28-44C4-9227-604E7D5F4B48}"
EndProject
Global
	GlobalSection(SolutionConfigurationPlatforms) = preSolution
		Debug|x64 = Debug|x64
		Debug|x86 = Debug|x86
		Release|x64 = Release|x64
		Release|x86 = Release|x86
	EndGlobalSection
	GlobalSection(ProjectConfigurationPlatforms) = postSolution
		{496B2E81-7E28-44C4-9227-604E7D5F4B48}.Debug|x64.ActiveCfg = Debug|x64
		{496B2E81-7E28-44C4-9227-604E7D5F4B48}.Debug|x64.Build.0 = Debug|x64
		{496B2E81-7E28-44C4-9227-604E7D5F4B48}.Debug|x86.ActiveCfg = Debug|Win32
		{496B2E81-7E28-44C4-9227-604E7D5F4B48}.Debug|x86.Build.0 = Debug|Win32
		{496B2E81-7E28-44C4-9227-604E7D5F4B48}.Release|x64.ActiveCfg = Release|x64
		{496B2E81-7E28-44C4-9227-604E7D5F4B48}.Release|x64.Build.0 = Release|x64
		{496B2E81-7E28-44C4-9227-604E7D5F4B48}.Release|x86.ActiveCfg = Release|Win32
		{496B2E81-7E28-44C4-9227-604E7D5F4B48}.Release|x86.Build.0 = Release|Win32
	EndGlobalSection
	GlobalSection(SolutionProperties) = preSolution
		HideSolutionNode = FALSE
	EndGlobalSection
	GlobalSection(ExtensibilityGlobals) = postSolution
		SolutionGuid = {49DC9BB7-7BB0-4AFA-ABD3-5E2CED0F9106}
	EndGlobalSection
EndGlobal
