
Microsoft Visual Studio Solution File, Format Version 12.00
# Visual Studio 15
VisualStudioVersion = 15.0.27428.2037
MinimumVisualStudioVersion = 10.0.40219.1
Project("{8BC9CEB8-8B4A-11D0-8D11-00A0C91BC942}") = "A7_Garrett_Fechter", "A7_Garrett_Fechter\A7_Garrett_Fechter.vcxproj", "{A23B4981-0FAD-4FA2-A561-E51BF4726244}"
EndProject
Global
	GlobalSection(SolutionConfigurationPlatforms) = preSolution
		Debug|x64 = Debug|x64
		Debug|x86 = Debug|x86
		Release|x64 = Release|x64
		Release|x86 = Release|x86
	EndGlobalSection
	GlobalSection(ProjectConfigurationPlatforms) = postSolution
		{A23B4981-0FAD-4FA2-A561-E51BF4726244}.Debug|x64.ActiveCfg = Debug|x64
		{A23B4981-0FAD-4FA2-A561-E51BF4726244}.Debug|x64.Build.0 = Debug|x64
		{A23B4981-0FAD-4FA2-A561-E51BF4726244}.Debug|x86.ActiveCfg = Debug|Win32
		{A23B4981-0FAD-4FA2-A561-E51BF4726244}.Debug|x86.Build.0 = Debug|Win32
		{A23B4981-0FAD-4FA2-A561-E51BF4726244}.Release|x64.ActiveCfg = Release|x64
		{A23B4981-0FAD-4FA2-A561-E51BF4726244}.Release|x64.Build.0 = Release|x64
		{A23B4981-0FAD-4FA2-A561-E51BF4726244}.Release|x86.ActiveCfg = Release|Win32
		{A23B4981-0FAD-4FA2-A561-E51BF4726244}.Release|x86.Build.0 = Release|Win32
	EndGlobalSection
	GlobalSection(SolutionProperties) = preSolution
		HideSolutionNode = FALSE
	EndGlobalSection
	GlobalSection(ExtensibilityGlobals) = postSolution
		SolutionGuid = {F1C222D1-8D97-4C72-97F3-023485AB436C}
	EndGlobalSection
EndGlobal
